{
  "name": "backend",
  "lockfileVersion": 2,
  "requires": true,
  "packages": {
    "": {
      "dependencies": {
        "@fastify/websocket": "^5.0.0"
      }
    },
    "node_modules/@fastify/websocket": {
      "version": "5.0.0",
      "resolved": "https://registry.npmjs.org/@fastify/websocket/-/websocket-5.0.0.tgz",
      "integrity": "sha512-ngZo5rchmhRZaML4MkAY/ClGs8Iyp0+rL97EIP0QsU2N4ICqBKEBG/wGL21ImAhha1RFixEzz8+CB/Ad/W50yw==",
      "dependencies": {
        "fastify-plugin": "^3.0.0",
        "ws": "^8.0.0"
      }
    },
    "node_modules/fastify-plugin": {
      "version": "3.0.1",
      "resolved": "https://registry.npmjs.org/fastify-plugin/-/fastify-plugin-3.0.1.tgz",
      "integrity": "sha512-qKcDXmuZadJqdTm6vlCqioEbyewF60b/0LOFCcYN1B6BIZGlYJumWWOYs70SFYLDAH4YqdE1cxH/RKMG7rFxgA=="
    },
    "node_modules/ws": {
      "version": "8.6.0",
      "resolved": "https://registry.npmjs.org/ws/-/ws-8.6.0.tgz",
      "integrity": "sha512-AzmM3aH3gk0aX7/rZLYvjdvZooofDu3fFOzGqcSnQ1tOcTWwhM/o+q++E8mAyVVIyUdajrkzWUGftaVSDLn1bw==",
      "engines": {
        "node": ">=10.0.0"
      },
      "peerDependencies": {
        "bufferutil": "^4.0.1",
        "utf-8-validate": "^5.0.2"
      },
      "peerDependenciesMeta": {
        "bufferutil": {
          "optional": true
        },
        "utf-8-validate": {
          "optional": true
        }
      }
    }
  },
  "dependencies": {
    "@fastify/websocket": {
      "version": "5.0.0",
      "resolved": "https://registry.npmjs.org/@fastify/websocket/-/websocket-5.0.0.tgz",
      "integrity": "sha512-ngZo5rchmhRZaML4MkAY/ClGs8Iyp0+rL97EIP0QsU2N4ICqBKEBG/wGL21ImAhha1RFixEzz8+CB/Ad/W50yw==",
      "requires": {
        "fastify-plugin": "^3.0.0",
        "ws": "^8.0.0"
      }
    },
    "fastify-plugin": {
      "version": "3.0.1",
      "resolved": "https://registry.npmjs.org/fastify-plugin/-/fastify-plugin-3.0.1.tgz",
      "integrity": "sha512-qKcDXmuZadJqdTm6vlCqioEbyewF60b/0LOFCcYN1B6BIZGlYJumWWOYs70SFYLDAH4YqdE1cxH/RKMG7rFxgA=="
    },
    "ws": {
      "version": "8.6.0",
      "resolved": "https://registry.npmjs.org/ws/-/ws-8.6.0.tgz",
      "integrity": "sha512-AzmM3aH3gk0aX7/rZLYvjdvZooofDu3fFOzGqcSnQ1tOcTWwhM/o+q++E8mAyVVIyUdajrkzWUGftaVSDLn1bw==",
      "requires": {}
    }
  }
}
